
Microsoft Visual Studio Solution File, Format Version 12.00
# Visual Studio 14
VisualStudioVersion = 14.0.23107.0
MinimumVisualStudioVersion = 10.0.40219.1
Project("{8BC9CEB8-8B4A-11D0-8D11-00A0C91BC942}") = "10050_동맹 휴업", "10050_동맹 휴업\10050_동맹 휴업.vcxproj", "{E90D684B-6E83-4B8C-BC56-4C5A73E3FF55}"
EndProject
Global
	GlobalSection(SolutionConfigurationPlatforms) = preSolution
		Debug|x64 = Debug|x64
		Debug|x86 = Debug|x86
		Release|x64 = Release|x64
		Release|x86 = Release|x86
	EndGlobalSection
	GlobalSection(ProjectConfigurationPlatforms) = postSolution
		{E90D684B-6E83-4B8C-BC56-4C5A73E3FF55}.Debug|x64.ActiveCfg = Debug|x64
		{E90D684B-6E83-4B8C-BC56-4C5A73E3FF55}.Debug|x64.Build.0 = Debug|x64
		{E90D684B-6E83-4B8C-BC56-4C5A73E3FF55}.Debug|x86.ActiveCfg = Debug|Win32
		{E90D684B-6E83-4B8C-BC56-4C5A73E3FF55}.Debug|x86.Build.0 = Debug|Win32
		{E90D684B-6E83-4B8C-BC56-4C5A73E3FF55}.Release|x64.ActiveCfg = Release|x64
		{E90D684B-6E83-4B8C-BC56-4C5A73E3FF55}.Release|x64.Build.0 = Release|x64
		{E90D684B-6E83-4B8C-BC56-4C5A73E3FF55}.Release|x86.ActiveCfg = Release|Win32
		{E90D684B-6E83-4B8C-BC56-4C5A73E3FF55}.Release|x86.Build.0 = Release|Win32
	EndGlobalSection
	GlobalSection(SolutionProperties) = preSolution
		HideSolutionNode = FALSE
	EndGlobalSection
EndGlobal
